github.com/evgodev/migratory v0.0.0-20250404173323-31596bcba2a2 h1:VBy05UqBhKtZl7m23fuqt/3KsCAWkisvdwDvkcxKGqQ=
github.com/evgodev/migratory v0.0.0-20250404173323-31596bcba2a2/go.mod h1:+b8t9UkepZm5JlUgbGkE2A1imFbQxWVPcRP/eBJyrDc=
github.com/lib/pq v1.10.9 h1:YXG7RB+JIjhP29X+OtkiDnYaXQwpS4JEWq7dtCCRUEw=
github.com/lib/pq v1.10.9/go.mod h1:AlVN5x4E4T544tWzH6hKfbfQvm3HdbOxrmggDNAPY9o=
